
Microsoft Visual Studio Solution File, Format Version 12.00
# Visual Studio 15
VisualStudioVersion = 15.0.28307.572
MinimumVisualStudioVersion = 10.0.40219.1
Project("{E24C65DC-7377-472B-9ABA-BC803B73C61A}") = "iQuestionnaire", "iQuestionnaire\", "{8242BEB4-86FB-48F2-83F0-6D72352B48C0}"
	ProjectSection(WebsiteProperties) = preProject
		TargetFrameworkMoniker = ".NETFramework,Version%3Dv4.6.1"
		Debug.AspNetCompiler.VirtualPath = "/localhost_54053"
		Debug.AspNetCompiler.PhysicalPath = "iQuestionnaire\"
		Debug.AspNetCompiler.TargetPath = "PrecompiledWeb\localhost_54053\"
		Debug.AspNetCompiler.Updateable = "true"
		Debug.AspNetCompiler.ForceOverwrite = "true"
		Debug.AspNetCompiler.FixedNames = "false"
		Debug.AspNetCompiler.Debug = "True"
		Release.AspNetCompiler.VirtualPath = "/localhost_54053"
		Release.AspNetCompiler.PhysicalPath = "iQuestionnaire\"
		Release.AspNetCompiler.TargetPath = "PrecompiledWeb\localhost_54053\"
		Release.AspNetCompiler.Updateable = "true"
		Release.AspNetCompiler.ForceOverwrite = "true"
		Release.AspNetCompiler.FixedNames = "false"
		Release.AspNetCompiler.Debug = "False"
		VWDPort = "54053"
		SlnRelativePath = "iQuestionnaire\"
		DefaultWebSiteLanguage = "Visual C#"
	EndProjectSection
EndProject
Global
	GlobalSection(SolutionConfigurationPlatforms) = preSolution
		Debug|Any CPU = Debug|Any CPU
	EndGlobalSection
	GlobalSection(ProjectConfigurationPlatforms) = postSolution
		{8242BEB4-86FB-48F2-83F0-6D72352B48C0}.Debug|Any CPU.ActiveCfg = Debug|Any CPU
		{8242BEB4-86FB-48F2-83F0-6D72352B48C0}.Debug|Any CPU.Build.0 = Debug|Any CPU
	EndGlobalSection
	GlobalSection(SolutionProperties) = preSolution
		HideSolutionNode = FALSE
	EndGlobalSection
	GlobalSection(ExtensibilityGlobals) = postSolution
		SolutionGuid = {D3BA9509-1BCB-4743-B438-C7C9C3A86C36}
	EndGlobalSection
EndGlobal
